// !$*UTF8*$!
{
	archiveVersion = 1;
	classes = {
	};
	objectVersion = 55;
	objects = {

/* Begin PBXBuildFile section */
		2FB0B09F284C3DEB003FB261 /* AppDelegate.swift in Sources */ = {isa = PBXBuildFile; fileRef = 2FB0B09E284C3DEB003FB261 /* AppDelegate.swift */; };
		2FB0B0A1284C3DEB003FB261 /* SceneDelegate.swift in Sources */ = {isa = PBXBuildFile; fileRef = 2FB0B0A0284C3DEB003FB261 /* SceneDelegate.swift */; };
		2FB0B0A3284C3DEB003FB261 /* PiggyBankViewController.swift in Sources */ = {isa = PBXBuildFile; fileRef = 2FB0B0A2284C3DEB003FB261 /* PiggyBankViewController.swift */; };
		2FB0B0A8284C3DF4003FB261 /* Assets.xcassets in Resources */ = {isa = PBXBuildFile; fileRef = 2FB0B0A7284C3DF4003FB261 /* Assets.xcassets */; };
		2FB0B0AB284C3DF4003FB261 /* LaunchScreen.storyboard in Resources */ = {isa = PBXBuildFile; fileRef = 2FB0B0A9284C3DF4003FB261 /* LaunchScreen.storyboard */; };
		2FB0B0B6284C3DF4003FB261 /* piggybankTests.swift in Sources */ = {isa = PBXBuildFile; fileRef = 2FB0B0B5284C3DF4003FB261 /* piggybankTests.swift */; };
		2FB0B0C0284C3DF4003FB261 /* piggybankUITests.swift in Sources */ = {isa = PBXBuildFile; fileRef = 2FB0B0BF284C3DF4003FB261 /* piggybankUITests.swift */; };
		2FB0B0C2284C3DF4003FB261 /* piggybankUITestsLaunchTests.swift in Sources */ = {isa = PBXBuildFile; fileRef = 2FB0B0C1284C3DF4003FB261 /* piggybankUITestsLaunchTests.swift */; };
		2FB0B0D3284C4160003FB261 /* PiggyBankBalanceView.swift in Sources */ = {isa = PBXBuildFile; fileRef = 2FB0B0D2284C4160003FB261 /* PiggyBankBalanceView.swift */; };
		2FB0B0D5284C41B4003FB261 /* PiggyBankBalanceViewController.swift in Sources */ = {isa = PBXBuildFile; fileRef = 2FB0B0D4284C41B4003FB261 /* PiggyBankBalanceViewController.swift */; };
		2FB0B0D9284C420C003FB261 /* Localizable.strings in Resources */ = {isa = PBXBuildFile; fileRef = 2FB0B0D8284C420C003FB261 /* Localizable.strings */; };
		2FB0B0DD284C4546003FB261 /* PiggyBankViewCodeProtocol.swift in Sources */ = {isa = PBXBuildFile; fileRef = 2FB0B0DC284C4546003FB261 /* PiggyBankViewCodeProtocol.swift */; };
		2FB0B0E4284C7709003FB261 /* LocalizableStrings.swift in Sources */ = {isa = PBXBuildFile; fileRef = 2FB0B0E3284C7709003FB261 /* LocalizableStrings.swift */; };
		2FB0B0E6284C786A003FB261 /* PiggyBank.swift in Sources */ = {isa = PBXBuildFile; fileRef = 2FB0B0E5284C786A003FB261 /* PiggyBank.swift */; };
		2FB0B0E8284D5687003FB261 /* UIColor+Extension.swift in Sources */ = {isa = PBXBuildFile; fileRef = 2FB0B0E7284D5687003FB261 /* UIColor+Extension.swift */; };
		2FB0B0EA284D6355003FB261 /* PiggyBankView.swift in Sources */ = {isa = PBXBuildFile; fileRef = 2FB0B0E9284D6355003FB261 /* PiggyBankView.swift */; };
/* End PBXBuildFile section */

/* Begin PBXContainerItemProxy section */
		2FB0B0B2284C3DF4003FB261 /* PBXContainerItemProxy */ = {
			isa = PBXContainerItemProxy;
			containerPortal = 2FB0B093284C3DEB003FB261 /* Project object */;
			proxyType = 1;
			remoteGlobalIDString = 2FB0B09A284C3DEB003FB261;
			remoteInfo = piggybank;
		};
		2FB0B0BC284C3DF4003FB261 /* PBXContainerItemProxy */ = {
			isa = PBXContainerItemProxy;
			containerPortal = 2FB0B093284C3DEB003FB261 /* Project object */;
			proxyType = 1;
			remoteGlobalIDString = 2FB0B09A284C3DEB003FB261;
			remoteInfo = piggybank;
		};
/* End PBXContainerItemProxy section */

/* Begin PBXFileReference section */
		2FB0B09B284C3DEB003FB261 /* piggybank.app */ = {isa = PBXFileReference; explicitFileType = wrapper.application; includeInIndex = 0; path = piggybank.app; sourceTree = BUILT_PRODUCTS_DIR; };
		2FB0B09E284C3DEB003FB261 /* AppDelegate.swift */ = {isa = PBXFileReference; lastKnownFileType = sourcecode.swift; path = AppDelegate.swift; sourceTree = "<group>"; };
		2FB0B0A0284C3DEB003FB261 /* SceneDelegate.swift */ = {isa = PBXFileReference; lastKnownFileType = sourcecode.swift; path = SceneDelegate.swift; sourceTree = "<group>"; };
		2FB0B0A2284C3DEB003FB261 /* PiggyBankViewController.swift */ = {isa = PBXFileReference; lastKnownFileType = sourcecode.swift; path = PiggyBankViewController.swift; sourceTree = "<group>"; };
		2FB0B0A7284C3DF4003FB261 /* Assets.xcassets */ = {isa = PBXFileReference; lastKnownFileType = folder.assetcatalog; path = Assets.xcassets; sourceTree = "<group>"; };
		2FB0B0AA284C3DF4003FB261 /* Base */ = {isa = PBXFileReference; lastKnownFileType = file.storyboard; name = Base; path = Base.lproj/LaunchScreen.storyboard; sourceTree = "<group>"; };
		2FB0B0AC284C3DF4003FB261 /* Info.plist */ = {isa = PBXFileReference; lastKnownFileType = text.plist.xml; path = Info.plist; sourceTree = "<group>"; };
		2FB0B0B1284C3DF4003FB261 /* piggybankTests.xctest */ = {isa = PBXFileReference; explicitFileType = wrapper.cfbundle; includeInIndex = 0; path = piggybankTests.xctest; sourceTree = BUILT_PRODUCTS_DIR; };
		2FB0B0B5284C3DF4003FB261 /* piggybankTests.swift */ = {isa = PBXFileReference; lastKnownFileType = sourcecode.swift; path = piggybankTests.swift; sourceTree = "<group>"; };
		2FB0B0BB284C3DF4003FB261 /* piggybankUITests.xctest */ = {isa = PBXFileReference; explicitFileType = wrapper.cfbundle; includeInIndex = 0; path = piggybankUITests.xctest; sourceTree = BUILT_PRODUCTS_DIR; };
		2FB0B0BF284C3DF4003FB261 /* piggybankUITests.swift */ = {isa = PBXFileReference; lastKnownFileType = sourcecode.swift; path = piggybankUITests.swift; sourceTree = "<group>"; };
		2FB0B0C1284C3DF4003FB261 /* piggybankUITestsLaunchTests.swift */ = {isa = PBXFileReference; lastKnownFileType = sourcecode.swift; path = piggybankUITestsLaunchTests.swift; sourceTree = "<group>"; };
		2FB0B0D2284C4160003FB261 /* PiggyBankBalanceView.swift */ = {isa = PBXFileReference; lastKnownFileType = sourcecode.swift; path = PiggyBankBalanceView.swift; sourceTree = "<group>"; };
		2FB0B0D4284C41B4003FB261 /* PiggyBankBalanceViewController.swift */ = {isa = PBXFileReference; lastKnownFileType = sourcecode.swift; path = PiggyBankBalanceViewController.swift; sourceTree = "<group>"; };
		2FB0B0D8284C420C003FB261 /* Localizable.strings */ = {isa = PBXFileReference; lastKnownFileType = text.plist.strings; path = Localizable.strings; sourceTree = "<group>"; };
		2FB0B0DC284C4546003FB261 /* PiggyBankViewCodeProtocol.swift */ = {isa = PBXFileReference; lastKnownFileType = sourcecode.swift; path = PiggyBankViewCodeProtocol.swift; sourceTree = "<group>"; };
		2FB0B0E3284C7709003FB261 /* LocalizableStrings.swift */ = {isa = PBXFileReference; lastKnownFileType = sourcecode.swift; path = LocalizableStrings.swift; sourceTree = "<group>"; };
		2FB0B0E5284C786A003FB261 /* PiggyBank.swift */ = {isa = PBXFileReference; lastKnownFileType = sourcecode.swift; path = PiggyBank.swift; sourceTree = "<group>"; };
		2FB0B0E7284D5687003FB261 /* UIColor+Extension.swift */ = {isa = PBXFileReference; lastKnownFileType = sourcecode.swift; path = "UIColor+Extension.swift"; sourceTree = "<group>"; };
		2FB0B0E9284D6355003FB261 /* PiggyBankView.swift */ = {isa = PBXFileReference; lastKnownFileType = sourcecode.swift; path = PiggyBankView.swift; sourceTree = "<group>"; };
/* End PBXFileReference section */

/* Begin PBXFrameworksBuildPhase section */
		2FB0B098284C3DEB003FB261 /* Frameworks */ = {
			isa = PBXFrameworksBuildPhase;
			buildActionMask = 2147483647;
			files = (
			);
			runOnlyForDeploymentPostprocessing = 0;
		};
		2FB0B0AE284C3DF4003FB261 /* Frameworks */ = {
			isa = PBXFrameworksBuildPhase;
			buildActionMask = 2147483647;
			files = (
			);
			runOnlyForDeploymentPostprocessing = 0;
		};
		2FB0B0B8284C3DF4003FB261 /* Frameworks */ = {
			isa = PBXFrameworksBuildPhase;
			buildActionMask = 2147483647;
			files = (
			);
			runOnlyForDeploymentPostprocessing = 0;
		};
/* End PBXFrameworksBuildPhase section */

/* Begin PBXGroup section */
		2FB0B092284C3DEB003FB261 = {
			isa = PBXGroup;
			children = (
				2FB0B09D284C3DEB003FB261 /* piggybank */,
				2FB0B0B4284C3DF4003FB261 /* piggybankTests */,
				2FB0B0BE284C3DF4003FB261 /* piggybankUITests */,
				2FB0B09C284C3DEB003FB261 /* Products */,
			);
			sourceTree = "<group>";
		};
		2FB0B09C284C3DEB003FB261 /* Products */ = {
			isa = PBXGroup;
			children = (
				2FB0B09B284C3DEB003FB261 /* piggybank.app */,
				2FB0B0B1284C3DF4003FB261 /* piggybankTests.xctest */,
				2FB0B0BB284C3DF4003FB261 /* piggybankUITests.xctest */,
			);
			name = Products;
			sourceTree = "<group>";
		};
		2FB0B09D284C3DEB003FB261 /* piggybank */ = {
			isa = PBXGroup;
			children = (
				2FB0B0AC284C3DF4003FB261 /* Info.plist */,
				2FB0B0DA284C4237003FB261 /* PiggyBankSample */,
				2FB0B0CF284C40AE003FB261 /* Sources */,
				2FB0B0CE284C409F003FB261 /* Resources */,
			);
			path = piggybank;
			sourceTree = "<group>";
		};
		2FB0B0B4284C3DF4003FB261 /* piggybankTests */ = {
			isa = PBXGroup;
			children = (
				2FB0B0B5284C3DF4003FB261 /* piggybankTests.swift */,
			);
			path = piggybankTests;
			sourceTree = "<group>";
		};
		2FB0B0BE284C3DF4003FB261 /* piggybankUITests */ = {
			isa = PBXGroup;
			children = (
				2FB0B0BF284C3DF4003FB261 /* piggybankUITests.swift */,
				2FB0B0C1284C3DF4003FB261 /* piggybankUITestsLaunchTests.swift */,
			);
			path = piggybankUITests;
			sourceTree = "<group>";
		};
		2FB0B0CE284C409F003FB261 /* Resources */ = {
			isa = PBXGroup;
			children = (
				2FB0B0A7284C3DF4003FB261 /* Assets.xcassets */,
				2FB0B0D8284C420C003FB261 /* Localizable.strings */,
			);
			path = Resources;
			sourceTree = "<group>";
		};
		2FB0B0CF284C40AE003FB261 /* Sources */ = {
			isa = PBXGroup;
			children = (
				2FB0B0E5284C786A003FB261 /* PiggyBank.swift */,
				2FB0B0DB284C44FD003FB261 /* Protocols */,
				2FB0B0D7284C41DA003FB261 /* Extensions */,
				2FB0B0D6284C41D1003FB261 /* Utils */,
				2FB0B0D1284C413B003FB261 /* Components */,
				2FB0B0D0284C411C003FB261 /* ViewControllers */,
			);
			path = Sources;
			sourceTree = "<group>";
		};
		2FB0B0D0284C411C003FB261 /* ViewControllers */ = {
			isa = PBXGroup;
			children = (
				2FB0B0D4284C41B4003FB261 /* PiggyBankBalanceViewController.swift */,
			);
			path = ViewControllers;
			sourceTree = "<group>";
		};
		2FB0B0D1284C413B003FB261 /* Components */ = {
			isa = PBXGroup;
			children = (
				2FB0B0EC284D6C9E003FB261 /* PiggyBankCreateSafeBox */,
				2FB0B0EB284D6C4E003FB261 /* PiggyBankBalance */,
			);
			path = Components;
			sourceTree = "<group>";
		};
		2FB0B0D6284C41D1003FB261 /* Utils */ = {
			isa = PBXGroup;
			children = (
				2FB0B0E3284C7709003FB261 /* LocalizableStrings.swift */,
				2FB0B0E7284D5687003FB261 /* UIColor+Extension.swift */,
			);
			path = Utils;
			sourceTree = "<group>";
		};
		2FB0B0D7284C41DA003FB261 /* Extensions */ = {
			isa = PBXGroup;
			children = (
			);
			path = Extensions;
			sourceTree = "<group>";
		};
		2FB0B0DA284C4237003FB261 /* PiggyBankSample */ = {
			isa = PBXGroup;
			children = (
				2FB0B0A0284C3DEB003FB261 /* SceneDelegate.swift */,
				2FB0B09E284C3DEB003FB261 /* AppDelegate.swift */,
				2FB0B0A9284C3DF4003FB261 /* LaunchScreen.storyboard */,
				2FB0B0A2284C3DEB003FB261 /* PiggyBankViewController.swift */,
				2FB0B0E9284D6355003FB261 /* PiggyBankView.swift */,
			);
			path = PiggyBankSample;
			sourceTree = "<group>";
		};
		2FB0B0DB284C44FD003FB261 /* Protocols */ = {
			isa = PBXGroup;
			children = (
				2FB0B0DC284C4546003FB261 /* PiggyBankViewCodeProtocol.swift */,
			);
			path = Protocols;
			sourceTree = "<group>";
		};
		2FB0B0EB284D6C4E003FB261 /* PiggyBankBalance */ = {
			isa = PBXGroup;
			children = (
				2FB0B0D2284C4160003FB261 /* PiggyBankBalanceView.swift */,
			);
			path = PiggyBankBalance;
			sourceTree = "<group>";
		};
		2FB0B0EC284D6C9E003FB261 /* PiggyBankCreateSafeBox */ = {
			isa = PBXGroup;
			children = (
			);
			path = PiggyBankCreateSafeBox;
			sourceTree = "<group>";
		};
/* End PBXGroup section */

/* Begin PBXNativeTarget section */
		2FB0B09A284C3DEB003FB261 /* piggybank */ = {
			isa = PBXNativeTarget;
			buildConfigurationList = 2FB0B0C5284C3DF4003FB261 /* Build configuration list for PBXNativeTarget "piggybank" */;
			buildPhases = (
				2FB0B097284C3DEB003FB261 /* Sources */,
				2FB0B098284C3DEB003FB261 /* Frameworks */,
				2FB0B099284C3DEB003FB261 /* Resources */,
			);
			buildRules = (
			);
			dependencies = (
			);
			name = piggybank;
			productName = piggybank;
			productReference = 2FB0B09B284C3DEB003FB261 /* piggybank.app */;
			productType = "com.apple.product-type.application";
		};
		2FB0B0B0284C3DF4003FB261 /* piggybankTests */ = {
			isa = PBXNativeTarget;
			buildConfigurationList = 2FB0B0C8284C3DF4003FB261 /* Build configuration list for PBXNativeTarget "piggybankTests" */;
			buildPhases = (
				2FB0B0AD284C3DF4003FB261 /* Sources */,
				2FB0B0AE284C3DF4003FB261 /* Frameworks */,
				2FB0B0AF284C3DF4003FB261 /* Resources */,
			);
			buildRules = (
			);
			dependencies = (
				2FB0B0B3284C3DF4003FB261 /* PBXTargetDependency */,
			);
			name = piggybankTests;
			productName = piggybankTests;
			productReference = 2FB0B0B1284C3DF4003FB261 /* piggybankTests.xctest */;
			productType = "com.apple.product-type.bundle.unit-test";
		};
		2FB0B0BA284C3DF4003FB261 /* piggybankUITests */ = {
			isa = PBXNativeTarget;
			buildConfigurationList = 2FB0B0CB284C3DF4003FB261 /* Build configuration list for PBXNativeTarget "piggybankUITests" */;
			buildPhases = (
				2FB0B0B7284C3DF4003FB261 /* Sources */,
				2FB0B0B8284C3DF4003FB261 /* Frameworks */,
				2FB0B0B9284C3DF4003FB261 /* Resources */,
			);
			buildRules = (
			);
			dependencies = (
				2FB0B0BD284C3DF4003FB261 /* PBXTargetDependency */,
			);
			name = piggybankUITests;
			productName = piggybankUITests;
			productReference = 2FB0B0BB284C3DF4003FB261 /* piggybankUITests.xctest */;
			productType = "com.apple.product-type.bundle.ui-testing";
		};
/* End PBXNativeTarget section */

/* Begin PBXProject section */
		2FB0B093284C3DEB003FB261 /* Project object */ = {
			isa = PBXProject;
			attributes = {
				BuildIndependentTargetsInParallel = 1;
				LastSwiftUpdateCheck = 1320;
				LastUpgradeCheck = 1320;
				TargetAttributes = {
					2FB0B09A284C3DEB003FB261 = {
						CreatedOnToolsVersion = 13.2.1;
					};
					2FB0B0B0284C3DF4003FB261 = {
						CreatedOnToolsVersion = 13.2.1;
						TestTargetID = 2FB0B09A284C3DEB003FB261;
					};
					2FB0B0BA284C3DF4003FB261 = {
						CreatedOnToolsVersion = 13.2.1;
						TestTargetID = 2FB0B09A284C3DEB003FB261;
					};
				};
			};
			buildConfigurationList = 2FB0B096284C3DEB003FB261 /* Build configuration list for PBXProject "piggybank" */;
			compatibilityVersion = "Xcode 13.0";
			developmentRegion = en;
			hasScannedForEncodings = 0;
			knownRegions = (
				en,
				Base,
			);
			mainGroup = 2FB0B092284C3DEB003FB261;
			productRefGroup = 2FB0B09C284C3DEB003FB261 /* Products */;
			projectDirPath = "";
			projectRoot = "";
			targets = (
				2FB0B09A284C3DEB003FB261 /* piggybank */,
				2FB0B0B0284C3DF4003FB261 /* piggybankTests */,
				2FB0B0BA284C3DF4003FB261 /* piggybankUITests */,
			);
		};
/* End PBXProject section */

/* Begin PBXResourcesBuildPhase section */
		2FB0B099284C3DEB003FB261 /* Resources */ = {
			isa = PBXResourcesBuildPhase;
			buildActionMask = 2147483647;
			files = (
				2FB0B0AB284C3DF4003FB261 /* LaunchScreen.storyboard in Resources */,
				2FB0B0D9284C420C003FB261 /* Localizable.strings in Resources */,
				2FB0B0A8284C3DF4003FB261 /* Assets.xcassets in Resources */,
			);
			runOnlyForDeploymentPostprocessing = 0;
		};
		2FB0B0AF284C3DF4003FB261 /* Resources */ = {
			isa = PBXResourcesBuildPhase;
			buildActionMask = 2147483647;
			files = (
			);
			runOnlyForDeploymentPostprocessing = 0;
		};
		2FB0B0B9284C3DF4003FB261 /* Resources */ = {
			isa = PBXResourcesBuildPhase;
			buildActionMask = 2147483647;
			files = (
			);
			runOnlyForDeploymentPostprocessing = 0;
		};
/* End PBXResourcesBuildPhase section */

/* Begin PBXSourcesBuildPhase section */
		2FB0B097284C3DEB003FB261 /* Sources */ = {
			isa = PBXSourcesBuildPhase;
			buildActionMask = 2147483647;
			files = (
				2FB0B0DD284C4546003FB261 /* PiggyBankViewCodeProtocol.swift in Sources */,
				2FB0B0D5284C41B4003FB261 /* PiggyBankBalanceViewController.swift in Sources */,
				2FB0B0E4284C7709003FB261 /* LocalizableStrings.swift in Sources */,
				2FB0B0E8284D5687003FB261 /* UIColor+Extension.swift in Sources */,
				2FB0B0D3284C4160003FB261 /* PiggyBankBalanceView.swift in Sources */,
				2FB0B0A3284C3DEB003FB261 /* PiggyBankViewController.swift in Sources */,
				2FB0B09F284C3DEB003FB261 /* AppDelegate.swift in Sources */,
				2FB0B0EA284D6355003FB261 /* PiggyBankView.swift in Sources */,
				2FB0B0E6284C786A003FB261 /* PiggyBank.swift in Sources */,
				2FB0B0A1284C3DEB003FB261 /* SceneDelegate.swift in Sources */,
			);
			runOnlyForDeploymentPostprocessing = 0;
		};
		2FB0B0AD284C3DF4003FB261 /* Sources */ = {
			isa = PBXSourcesBuildPhase;
			buildActionMask = 2147483647;
			files = (
				2FB0B0B6284C3DF4003FB261 /* piggybankTests.swift in Sources */,
			);
			runOnlyForDeploymentPostprocessing = 0;
		};
		2FB0B0B7284C3DF4003FB261 /* Sources */ = {
			isa = PBXSourcesBuildPhase;
			buildActionMask = 2147483647;
			files = (
				2FB0B0C0284C3DF4003FB261 /* piggybankUITests.swift in Sources */,
				2FB0B0C2284C3DF4003FB261 /* piggybankUITestsLaunchTests.swift in Sources */,
			);
			runOnlyForDeploymentPostprocessing = 0;
		};
/* End PBXSourcesBuildPhase section */

/* Begin PBXTargetDependency section */
		2FB0B0B3284C3DF4003FB261 /* PBXTargetDependency */ = {
			isa = PBXTargetDependency;
			target = 2FB0B09A284C3DEB003FB261 /* piggybank */;
			targetProxy = 2FB0B0B2284C3DF4003FB261 /* PBXContainerItemProxy */;
		};
		2FB0B0BD284C3DF4003FB261 /* PBXTargetDependency */ = {
			isa = PBXTargetDependency;
			target = 2FB0B09A284C3DEB003FB261 /* piggybank */;
			targetProxy = 2FB0B0BC284C3DF4003FB261 /* PBXContainerItemProxy */;
		};
/* End PBXTargetDependency section */

/* Begin PBXVariantGroup section */
		2FB0B0A9284C3DF4003FB261 /* LaunchScreen.storyboard */ = {
			isa = PBXVariantGroup;
			children = (
				2FB0B0AA284C3DF4003FB261 /* Base */,
			);
			name = LaunchScreen.storyboard;
			sourceTree = "<group>";
		};
/* End PBXVariantGroup section */

/* Begin XCBuildConfiguration section */
		2FB0B0C3284C3DF4003FB261 /* Debug */ = {
			isa = XCBuildConfiguration;
			buildSettings = {
				ALWAYS_SEARCH_USER_PATHS = NO;
				CLANG_ANALYZER_NONNULL = YES;
				CLANG_ANALYZER_NUMBER_OBJECT_CONVERSION = YES_AGGRESSIVE;
				CLANG_CXX_LANGUAGE_STANDARD = "gnu++17";
				CLANG_CXX_LIBRARY = "libc++";
				CLANG_ENABLE_MODULES = YES;
				CLANG_ENABLE_OBJC_ARC = YES;
				CLANG_ENABLE_OBJC_WEAK = YES;
				CLANG_WARN_BLOCK_CAPTURE_AUTORELEASING = YES;
				CLANG_WARN_BOOL_CONVERSION = YES;
				CLANG_WARN_COMMA = YES;
				CLANG_WARN_CONSTANT_CONVERSION = YES;
				CLANG_WARN_DEPRECATED_OBJC_IMPLEMENTATIONS = YES;
				CLANG_WARN_DIRECT_OBJC_ISA_USAGE = YES_ERROR;
				CLANG_WARN_DOCUMENTATION_COMMENTS = YES;
				CLANG_WARN_EMPTY_BODY = YES;
				CLANG_WARN_ENUM_CONVERSION = YES;
				CLANG_WARN_INFINITE_RECURSION = YES;
				CLANG_WARN_INT_CONVERSION = YES;
				CLANG_WARN_NON_LITERAL_NULL_CONVERSION = YES;
				CLANG_WARN_OBJC_IMPLICIT_RETAIN_SELF = YES;
				CLANG_WARN_OBJC_LITERAL_CONVERSION = YES;
				CLANG_WARN_OBJC_ROOT_CLASS = YES_ERROR;
				CLANG_WARN_QUOTED_INCLUDE_IN_FRAMEWORK_HEADER = YES;
				CLANG_WARN_RANGE_LOOP_ANALYSIS = YES;
				CLANG_WARN_STRICT_PROTOTYPES = YES;
				CLANG_WARN_SUSPICIOUS_MOVE = YES;
				CLANG_WARN_UNGUARDED_AVAILABILITY = YES_AGGRESSIVE;
				CLANG_WARN_UNREACHABLE_CODE = YES;
				CLANG_WARN__DUPLICATE_METHOD_MATCH = YES;
				COPY_PHASE_STRIP = NO;
				DEBUG_INFORMATION_FORMAT = dwarf;
				ENABLE_STRICT_OBJC_MSGSEND = YES;
				ENABLE_TESTABILITY = YES;
				GCC_C_LANGUAGE_STANDARD = gnu11;
				GCC_DYNAMIC_NO_PIC = NO;
				GCC_NO_COMMON_BLOCKS = YES;
				GCC_OPTIMIZATION_LEVEL = 0;
				GCC_PREPROCESSOR_DEFINITIONS = (
					"DEBUG=1",
					"$(inherited)",
				);
				GCC_WARN_64_TO_32_BIT_CONVERSION = YES;
				GCC_WARN_ABOUT_RETURN_TYPE = YES_ERROR;
				GCC_WARN_UNDECLARED_SELECTOR = YES;
				GCC_WARN_UNINITIALIZED_AUTOS = YES_AGGRESSIVE;
				GCC_WARN_UNUSED_FUNCTION = YES;
				GCC_WARN_UNUSED_VARIABLE = YES;
				IPHONEOS_DEPLOYMENT_TARGET = 15.2;
				MTL_ENABLE_DEBUG_INFO = INCLUDE_SOURCE;
				MTL_FAST_MATH = YES;
				ONLY_ACTIVE_ARCH = YES;
				SDKROOT = iphoneos;
				SWIFT_ACTIVE_COMPILATION_CONDITIONS = DEBUG;
				SWIFT_OPTIMIZATION_LEVEL = "-Onone";
			};
			name = Debug;
		};
		2FB0B0C4284C3DF4003FB261 /* Release */ = {
			isa = XCBuildConfiguration;
			buildSettings = {
				ALWAYS_SEARCH_USER_PATHS = NO;
				CLANG_ANALYZER_NONNULL = YES;
				CLANG_ANALYZER_NUMBER_OBJECT_CONVERSION = YES_AGGRESSIVE;
				CLANG_CXX_LANGUAGE_STANDARD = "gnu++17";
				CLANG_CXX_LIBRARY = "libc++";
				CLANG_ENABLE_MODULES = YES;
				CLANG_ENABLE_OBJC_ARC = YES;
				CLANG_ENABLE_OBJC_WEAK = YES;
				CLANG_WARN_BLOCK_CAPTURE_AUTORELEASING = YES;
				CLANG_WARN_BOOL_CONVERSION = YES;
				CLANG_WARN_COMMA = YES;
				CLANG_WARN_CONSTANT_CONVERSION = YES;
				CLANG_WARN_DEPRECATED_OBJC_IMPLEMENTATIONS = YES;
				CLANG_WARN_DIRECT_OBJC_ISA_USAGE = YES_ERROR;
				CLANG_WARN_DOCUMENTATION_COMMENTS = YES;
				CLANG_WARN_EMPTY_BODY = YES;
				CLANG_WARN_ENUM_CONVERSION = YES;
				CLANG_WARN_INFINITE_RECURSION = YES;
				CLANG_WARN_INT_CONVERSION = YES;
				CLANG_WARN_NON_LITERAL_NULL_CONVERSION = YES;
				CLANG_WARN_OBJC_IMPLICIT_RETAIN_SELF = YES;
				CLANG_WARN_OBJC_LITERAL_CONVERSION = YES;
				CLANG_WARN_OBJC_ROOT_CLASS = YES_ERROR;
				CLANG_WARN_QUOTED_INCLUDE_IN_FRAMEWORK_HEADER = YES;
				CLANG_WARN_RANGE_LOOP_ANALYSIS = YES;
				CLANG_WARN_STRICT_PROTOTYPES = YES;
				CLANG_WARN_SUSPICIOUS_MOVE = YES;
				CLANG_WARN_UNGUARDED_AVAILABILITY = YES_AGGRESSIVE;
				CLANG_WARN_UNREACHABLE_CODE = YES;
				CLANG_WARN__DUPLICATE_METHOD_MATCH = YES;
				COPY_PHASE_STRIP = NO;
				DEBUG_INFORMATION_FORMAT = "dwarf-with-dsym";
				ENABLE_NS_ASSERTIONS = NO;
				ENABLE_STRICT_OBJC_MSGSEND = YES;
				GCC_C_LANGUAGE_STANDARD = gnu11;
				GCC_NO_COMMON_BLOCKS = YES;
				GCC_WARN_64_TO_32_BIT_CONVERSION = YES;
				GCC_WARN_ABOUT_RETURN_TYPE = YES_ERROR;
				GCC_WARN_UNDECLARED_SELECTOR = YES;
				GCC_WARN_UNINITIALIZED_AUTOS = YES_AGGRESSIVE;
				GCC_WARN_UNUSED_FUNCTION = YES;
				GCC_WARN_UNUSED_VARIABLE = YES;
				IPHONEOS_DEPLOYMENT_TARGET = 15.2;
				MTL_ENABLE_DEBUG_INFO = NO;
				MTL_FAST_MATH = YES;
				SDKROOT = iphoneos;
				SWIFT_COMPILATION_MODE = wholemodule;
				SWIFT_OPTIMIZATION_LEVEL = "-O";
				VALIDATE_PRODUCT = YES;
			};
			name = Release;
		};
		2FB0B0C6284C3DF4003FB261 /* Debug */ = {
			isa = XCBuildConfiguration;
			buildSettings = {
				ASSETCATALOG_COMPILER_APPICON_NAME = AppIcon;
				ASSETCATALOG_COMPILER_GLOBAL_ACCENT_COLOR_NAME = AccentColor;
				CODE_SIGN_STYLE = Automatic;
				CURRENT_PROJECT_VERSION = 1;
				DEVELOPMENT_TEAM = 54S9MZMW3H;
				GENERATE_INFOPLIST_FILE = YES;
				INFOPLIST_FILE = piggybank/Info.plist;
				INFOPLIST_KEY_UIApplicationSupportsIndirectInputEvents = YES;
				INFOPLIST_KEY_UILaunchStoryboardName = LaunchScreen;
				INFOPLIST_KEY_UISupportedInterfaceOrientations = UIInterfaceOrientationPortrait;
				INFOPLIST_KEY_UISupportedInterfaceOrientations_iPad = "UIInterfaceOrientationPortrait UIInterfaceOrientationPortraitUpsideDown UIInterfaceOrientationLandscapeLeft UIInterfaceOrientationLandscapeRight";
				INFOPLIST_KEY_UISupportedInterfaceOrientations_iPhone = "UIInterfaceOrientationPortrait UIInterfaceOrientationLandscapeLeft UIInterfaceOrientationLandscapeRight";
				LD_RUNPATH_SEARCH_PATHS = (
					"$(inherited)",
					"@executable_path/Frameworks",
				);
				MARKETING_VERSION = 1.0;
				PRODUCT_BUNDLE_IDENTIFIER = caiomadeira.piggybank;
				PRODUCT_NAME = "$(TARGET_NAME)";
				SWIFT_EMIT_LOC_STRINGS = YES;
				SWIFT_VERSION = 5.0;
				TARGETED_DEVICE_FAMILY = "1,2";
			};
			name = Debug;
		};
		2FB0B0C7284C3DF4003FB261 /* Release */ = {
			isa = XCBuildConfiguration;
			buildSettings = {
				ASSETCATALOG_COMPILER_APPICON_NAME = AppIcon;
				ASSETCATALOG_COMPILER_GLOBAL_ACCENT_COLOR_NAME = AccentColor;
				CODE_SIGN_STYLE = Automatic;
				CURRENT_PROJECT_VERSION = 1;
				DEVELOPMENT_TEAM = 54S9MZMW3H;
				GENERATE_INFOPLIST_FILE = YES;
				INFOPLIST_FILE = piggybank/Info.plist;
				INFOPLIST_KEY_UIApplicationSupportsIndirectInputEvents = YES;
				INFOPLIST_KEY_UILaunchStoryboardName = LaunchScreen;
				INFOPLIST_KEY_UISupportedInterfaceOrientations = UIInterfaceOrientationPortrait;
				INFOPLIST_KEY_UISupportedInterfaceOrientations_iPad = "UIInterfaceOrientationPortrait UIInterfaceOrientationPortraitUpsideDown UIInterfaceOrientationLandscapeLeft UIInterfaceOrientationLandscapeRight";
				INFOPLIST_KEY_UISupportedInterfaceOrientations_iPhone = "UIInterfaceOrientationPortrait UIInterfaceOrientationLandscapeLeft UIInterfaceOrientationLandscapeRight";
				LD_RUNPATH_SEARCH_PATHS = (
					"$(inherited)",
					"@executable_path/Frameworks",
				);
				MARKETING_VERSION = 1.0;
				PRODUCT_BUNDLE_IDENTIFIER = caiomadeira.piggybank;
				PRODUCT_NAME = "$(TARGET_NAME)";
				SWIFT_EMIT_LOC_STRINGS = YES;
				SWIFT_VERSION = 5.0;
				TARGETED_DEVICE_FAMILY = "1,2";
			};
			name = Release;
		};
		2FB0B0C9284C3DF4003FB261 /* Debug */ = {
			isa = XCBuildConfiguration;
			buildSettings = {
				ALWAYS_EMBED_SWIFT_STANDARD_LIBRARIES = YES;
				BUNDLE_LOADER = "$(TEST_HOST)";
				CODE_SIGN_STYLE = Automatic;
				CURRENT_PROJECT_VERSION = 1;
				DEVELOPMENT_TEAM = 54S9MZMW3H;
				GENERATE_INFOPLIST_FILE = YES;
				IPHONEOS_DEPLOYMENT_TARGET = 15.2;
				MARKETING_VERSION = 1.0;
				PRODUCT_BUNDLE_IDENTIFIER = caiomadeira.piggybankTests;
				PRODUCT_NAME = "$(TARGET_NAME)";
				SWIFT_EMIT_LOC_STRINGS = NO;
				SWIFT_VERSION = 5.0;
				TARGETED_DEVICE_FAMILY = "1,2";
				TEST_HOST = "$(BUILT_PRODUCTS_DIR)/piggybank.app/piggybank";
			};
			name = Debug;
		};
		2FB0B0CA284C3DF4003FB261 /* Release */ = {
			isa = XCBuildConfiguration;
			buildSettings = {
				ALWAYS_EMBED_SWIFT_STANDARD_LIBRARIES = YES;
				BUNDLE_LOADER = "$(TEST_HOST)";
				CODE_SIGN_STYLE = Automatic;
				CURRENT_PROJECT_VERSION = 1;
				DEVELOPMENT_TEAM = 54S9MZMW3H;
				GENERATE_INFOPLIST_FILE = YES;
				IPHONEOS_DEPLOYMENT_TARGET = 15.2;
				MARKETING_VERSION = 1.0;
				PRODUCT_BUNDLE_IDENTIFIER = caiomadeira.piggybankTests;
				PRODUCT_NAME = "$(TARGET_NAME)";
				SWIFT_EMIT_LOC_STRINGS = NO;
				SWIFT_VERSION = 5.0;
				TARGETED_DEVICE_FAMILY = "1,2";
				TEST_HOST = "$(BUILT_PRODUCTS_DIR)/piggybank.app/piggybank";
			};
			name = Release;
		};
		2FB0B0CC284C3DF4003FB261 /* Debug */ = {
			isa = XCBuildConfiguration;
			buildSettings = {
				ALWAYS_EMBED_SWIFT_STANDARD_LIBRARIES = YES;
				CODE_SIGN_STYLE = Automatic;
				CURRENT_PROJECT_VERSION = 1;
				DEVELOPMENT_TEAM = 54S9MZMW3H;
				GENERATE_INFOPLIST_FILE = YES;
				MARKETING_VERSION = 1.0;
				PRODUCT_BUNDLE_IDENTIFIER = caiomadeira.piggybankUITests;
				PRODUCT_NAME = "$(TARGET_NAME)";
				SWIFT_EMIT_LOC_STRINGS = NO;
				SWIFT_VERSION = 5.0;
				TARGETED_DEVICE_FAMILY = "1,2";
				TEST_TARGET_NAME = piggybank;
			};
			name = Debug;
		};
		2FB0B0CD284C3DF4003FB261 /* Release */ = {
			isa = XCBuildConfiguration;
			buildSettings = {
				ALWAYS_EMBED_SWIFT_STANDARD_LIBRARIES = YES;
				CODE_SIGN_STYLE = Automatic;
				CURRENT_PROJECT_VERSION = 1;
				DEVELOPMENT_TEAM = 54S9MZMW3H;
				GENERATE_INFOPLIST_FILE = YES;
				MARKETING_VERSION = 1.0;
				PRODUCT_BUNDLE_IDENTIFIER = caiomadeira.piggybankUITests;
				PRODUCT_NAME = "$(TARGET_NAME)";
				SWIFT_EMIT_LOC_STRINGS = NO;
				SWIFT_VERSION = 5.0;
				TARGETED_DEVICE_FAMILY = "1,2";
				TEST_TARGET_NAME = piggybank;
			};
			name = Release;
		};
/* End XCBuildConfiguration section */

/* Begin XCConfigurationList section */
		2FB0B096284C3DEB003FB261 /* Build configuration list for PBXProject "piggybank" */ = {
			isa = XCConfigurationList;
			buildConfigurations = (
				2FB0B0C3284C3DF4003FB261 /* Debug */,
				2FB0B0C4284C3DF4003FB261 /* Release */,
			);
			defaultConfigurationIsVisible = 0;
			defaultConfigurationName = Release;
		};
		2FB0B0C5284C3DF4003FB261 /* Build configuration list for PBXNativeTarget "piggybank" */ = {
			isa = XCConfigurationList;
			buildConfigurations = (
				2FB0B0C6284C3DF4003FB261 /* Debug */,
				2FB0B0C7284C3DF4003FB261 /* Release */,
			);
			defaultConfigurationIsVisible = 0;
			defaultConfigurationName = Release;
		};
		2FB0B0C8284C3DF4003FB261 /* Build configuration list for PBXNativeTarget "piggybankTests" */ = {
			isa = XCConfigurationList;
			buildConfigurations = (
				2FB0B0C9284C3DF4003FB261 /* Debug */,
				2FB0B0CA284C3DF4003FB261 /* Release */,
			);
			defaultConfigurationIsVisible = 0;
			defaultConfigurationName = Release;
		};
		2FB0B0CB284C3DF4003FB261 /* Build configuration list for PBXNativeTarget "piggybankUITests" */ = {
			isa = XCConfigurationList;
			buildConfigurations = (
				2FB0B0CC284C3DF4003FB261 /* Debug */,
				2FB0B0CD284C3DF4003FB261 /* Release */,
			);
			defaultConfigurationIsVisible = 0;
			defaultConfigurationName = Release;
		};
/* End XCConfigurationList section */
	};
	rootObject = 2FB0B093284C3DEB003FB261 /* Project object */;
}
